
Microsoft Visual Studio Solution File, Format Version 12.00
# Visual Studio 2013
VisualStudioVersion = 12.0.30723.0
MinimumVisualStudioVersion = 10.0.40219.1
Project("{159641D6-6404-4A2A-AE62-294DE0FE8301}") = "010_GameOfThrones", "010_GameOfThrones\010_GameOfThrones.dtproj", "{2E927925-8510-45D6-BF39-2F8D07F73F0B}"
EndProject
Project("{159641D6-6404-4A2A-AE62-294DE0FE8301}") = "020_DataWarehouse", "020_DataWarehouse\020_DataWarehouse.dtproj", "{41E72144-07F9-446B-B34F-CE88ADA8A66A}"
EndProject
Project("{159641D6-6404-4A2A-AE62-294DE0FE8301}") = "030_Troubleshooting", "030_Troubleshooting\030_Troubleshooting.dtproj", "{26B162C6-CA7F-472E-A89A-D282EDAAD5C1}"
EndProject
Global
	GlobalSection(SolutionConfigurationPlatforms) = preSolution
		Development|Default = Development|Default
	EndGlobalSection
	GlobalSection(ProjectConfigurationPlatforms) = postSolution
		{2E927925-8510-45D6-BF39-2F8D07F73F0B}.Development|Default.ActiveCfg = Development
		{2E927925-8510-45D6-BF39-2F8D07F73F0B}.Development|Default.Build.0 = Development
		{41E72144-07F9-446B-B34F-CE88ADA8A66A}.Development|Default.ActiveCfg = Development
		{41E72144-07F9-446B-B34F-CE88ADA8A66A}.Development|Default.Build.0 = Development
		{26B162C6-CA7F-472E-A89A-D282EDAAD5C1}.Development|Default.ActiveCfg = Development
		{26B162C6-CA7F-472E-A89A-D282EDAAD5C1}.Development|Default.Build.0 = Development
	EndGlobalSection
	GlobalSection(SolutionProperties) = preSolution
		HideSolutionNode = FALSE
	EndGlobalSection
EndGlobal
